<Solution>
  <Folder Name="/FileBasedPrograms/">
    <File Path="FileBasedPrograms/DependencyInjection.cs" />
  </Folder>
  <Folder Name="/Solution Items/">
    <File Path=".editorconfig" />
    <File Path=".github/workflows/build_and_test.yml" />
    <File Path=".github/workflows/documentation.yml" />
    <File Path=".gitignore" />
    <File Path="doxyfile" />
  </Folder>
  <Project Path="Patterns/Patterns.csproj" />
  <Project Path="UnitTests/UnitTests.csproj" />
</Solution>
